# This file is automatically @generated by Cargo.
# It is not intended for manual editing.
version = 4

[[package]]
name = "forge-store"
version = "0.1.0"
dependencies = [
 "forge-store-analysis",
 "forge-store-authority",
 "forge-store-blob-chunks",
 "forge-store-branch-deltas",
 "forge-store-budgets",
 "forge-store-buffer-pool",
 "forge-store-certification",
 "forge-store-claim-boundaries",
 "forge-store-compatibility",
 "forge-store-contracts",
 "forge-store-extensions",
 "forge-store-formal-models",
 "forge-store-io-scheduler",
 "forge-store-layout-indexes",
 "forge-store-live-query",
 "forge-store-maintenance",
 "forge-store-modes",
 "forge-store-offline-verifier",
 "forge-store-operations",
 "forge-store-physical-backend",
 "forge-store-physical-certification",
 "forge-store-physical-format",
 "forge-store-physical-integrity",
 "forge-store-physical-isolation",
 "forge-store-recovery-physics",
 "forge-store-replication",
 "forge-store-retention",
 "forge-store-s0-reclassification",
 "forge-store-schema-lineage",
 "forge-store-security",
 "forge-store-snapshots",
 "forge-store-subscription-support",
 "forge-store-tiering",
 "forge-store-wal",
]

[[package]]
name = "forge-store-analysis"
version = "0.1.0"
dependencies = [
 "forge-store-contracts",
 "forge-store-extensions",
]

[[package]]
name = "forge-store-authority"
version = "0.1.0"
dependencies = [
 "forge-store-contracts",
]

[[package]]
name = "forge-store-blob-chunks"
version = "0.1.0"
dependencies = [
 "forge-store-contracts",
 "forge-store-physical-backend",
 "forge-store-physical-format",
 "forge-store-physical-integrity",
]

[[package]]
name = "forge-store-branch-deltas"
version = "0.1.0"
dependencies = [
 "forge-store-authority",
 "forge-store-contracts",
 "forge-store-layout-indexes",
]

[[package]]
name = "forge-store-budgets"
version = "0.1.0"
dependencies = [
 "forge-store-blob-chunks",
 "forge-store-buffer-pool",
 "forge-store-contracts",
 "forge-store-io-scheduler",
]

[[package]]
name = "forge-store-buffer-pool"
version = "0.1.0"
dependencies = [
 "forge-store-contracts",
 "forge-store-physical-format",
]

[[package]]
name = "forge-store-bulk"
version = "0.1.0"
dependencies = [
 "forge-store-authority",
 "forge-store-contracts",
 "forge-store-wal",
]

[[package]]
name = "forge-store-certification"
version = "0.1.0"
dependencies = [
 "forge-store-analysis",
 "forge-store-authority",
 "forge-store-budgets",
 "forge-store-compatibility",
 "forge-store-contracts",
 "forge-store-physical-certification",
 "forge-store-replication",
 "forge-store-subscription-support",
]

[[package]]
name = "forge-store-claim-boundaries"
version = "0.1.0"
dependencies = [
 "forge-store-contracts",
]

[[package]]
name = "forge-store-compatibility"
version = "0.1.0"
dependencies = [
 "forge-store-authority",
 "forge-store-contracts",
]

[[package]]
name = "forge-store-contracts"
version = "0.1.0"

[[package]]
name = "forge-store-extensions"
version = "0.1.0"
dependencies = [
 "forge-store-claim-boundaries",
 "forge-store-contracts",
 "forge-store-layout-indexes",
]

[[package]]
name = "forge-store-formal-models"
version = "0.1.0"
dependencies = [
 "forge-store-contracts",
]

[[package]]
name = "forge-store-io-scheduler"
version = "0.1.0"
dependencies = [
 "forge-store-contracts",
]

[[package]]
name = "forge-store-layout-indexes"
version = "0.1.0"
dependencies = [
 "forge-store-contracts",
 "forge-store-physical-backend",
 "forge-store-physical-format",
]

[[package]]
name = "forge-store-live-query"
version = "0.1.0"
dependencies = [
 "forge-store-contracts",
 "forge-store-schema-lineage",
]

[[package]]
name = "forge-store-maintenance"
version = "0.1.0"
dependencies = [
 "forge-store-contracts",
 "forge-store-io-scheduler",
 "forge-store-retention",
]

[[package]]
name = "forge-store-modes"
version = "0.1.0"
dependencies = [
 "forge-store-authority",
 "forge-store-contracts",
]

[[package]]
name = "forge-store-offline-verifier"
version = "0.1.0"
dependencies = [
 "forge-store-contracts",
 "forge-store-physical-format",
]

[[package]]
name = "forge-store-operations"
version = "0.1.0"
dependencies = [
 "forge-store-contracts",
 "forge-store-offline-verifier",
 "forge-store-physical-integrity",
 "forge-store-recovery-physics",
]

[[package]]
name = "forge-store-physical-backend"
version = "0.1.0"
dependencies = [
 "forge-store-contracts",
 "forge-store-physical-format",
]

[[package]]
name = "forge-store-physical-certification"
version = "0.1.0"
dependencies = [
 "forge-store-blob-chunks",
 "forge-store-buffer-pool",
 "forge-store-contracts",
 "forge-store-io-scheduler",
 "forge-store-offline-verifier",
 "forge-store-operations",
 "forge-store-physical-integrity",
 "forge-store-recovery-physics",
 "forge-store-security",
]

[[package]]
name = "forge-store-physical-format"
version = "0.1.0"
dependencies = [
 "forge-store-contracts",
]

[[package]]
name = "forge-store-physical-integrity"
version = "0.1.0"
dependencies = [
 "forge-store-contracts",
 "forge-store-offline-verifier",
 "forge-store-physical-format",
]

[[package]]
name = "forge-store-physical-isolation"
version = "0.1.0"
dependencies = [
 "forge-store-buffer-pool",
 "forge-store-contracts",
 "forge-store-physical-format",
]

[[package]]
name = "forge-store-recovery-physics"
version = "0.1.0"
dependencies = [
 "forge-store-contracts",
 "forge-store-physical-backend",
 "forge-store-physical-format",
 "forge-store-physical-integrity",
]

[[package]]
name = "forge-store-replication"
version = "0.1.0"
dependencies = [
 "forge-store-authority",
 "forge-store-blob-chunks",
 "forge-store-contracts",
 "forge-store-offline-verifier",
 "forge-store-physical-integrity",
]

[[package]]
name = "forge-store-retention"
version = "0.1.0"
dependencies = [
 "forge-store-authority",
 "forge-store-contracts",
 "forge-store-physical-isolation",
]

[[package]]
name = "forge-store-s0-reclassification"
version = "0.1.0"
dependencies = [
 "forge-store-claim-boundaries",
 "forge-store-contracts",
]

[[package]]
name = "forge-store-schema-lineage"
version = "0.1.0"
dependencies = [
 "forge-store-authority",
 "forge-store-contracts",
]

[[package]]
name = "forge-store-security"
version = "0.1.0"
dependencies = [
 "forge-store-contracts",
 "forge-store-physical-format",
]

[[package]]
name = "forge-store-snapshots"
version = "0.1.0"
dependencies = [
 "forge-store-authority",
 "forge-store-contracts",
 "forge-store-physical-backend",
]

[[package]]
name = "forge-store-subscription-support"
version = "0.1.0"
dependencies = [
 "forge-store-compatibility",
 "forge-store-contracts",
 "forge-store-maintenance",
 "forge-store-replication",
 "forge-store-retention",
]

[[package]]
name = "forge-store-test-support"
version = "0.1.0"
dependencies = [
 "forge-store-contracts",
 "forge-store-physical-format",
]

[[package]]
name = "forge-store-tiering"
version = "0.1.0"
dependencies = [
 "forge-store-contracts",
 "forge-store-io-scheduler",
 "forge-store-physical-isolation",
]

[[package]]
name = "forge-store-wal"
version = "0.1.0"
dependencies = [
 "forge-store-authority",
 "forge-store-contracts",
 "forge-store-modes",
 "forge-store-recovery-physics",
]
