# This file is automatically @generated by Cargo.
# It is not intended for manual editing.
version = 4

[[package]]
name = "empty-prefix-consumer"
version = "0.0.0"
dependencies = [
 "worth-proof",
]

[[package]]
name = "guarded-query-surface"
version = "0.1.0"
dependencies = [
 "worth-proof",
]

[[package]]
name = "worth-cert-consumer"
version = "0.1.0"
dependencies = [
 "guarded-query-surface",
]

[[package]]
name = "worth-entry-cert-consumer"
version = "0.1.0"
dependencies = [
 "guarded-query-surface",
]

[[package]]
name = "worth-entry-consumer"
version = "0.1.0"
dependencies = [
 "guarded-query-surface",
 "worth-proof",
]

[[package]]
name = "worth-proof"
version = "0.1.0"

[[package]]
name = "worth-schema-consumer"
version = "0.1.0"
dependencies = [
 "guarded-query-surface",
]

[[package]]
name = "worthy-entry-consumer"
version = "0.1.0"
dependencies = [
 "guarded-query-surface",
]
